
Microsoft Visual Studio Solution File, Format Version 12.00
# Visual Studio Version 16
VisualStudioVersion = 16.0.29215.179
MinimumVisualStudioVersion = 10.0.40219.1
Project("{FAE04EC0-301F-11D3-BF4B-00C04F79EFBC}") = "MeshEmulator.App", "MeshEmulator.App\MeshEmulator.App.csproj", "{3EAC0BD7-8F23-456A-B0CB-119FCA107347}"
EndProject
Project("{FAE04EC0-301F-11D3-BF4B-00C04F79EFBC}") = "MeshEmulator.Logic", "MeshEmulator.Logic\MeshEmulator.Logic.csproj", "{A12F2F99-ED8A-4234-AA91-41F5B7A0125E}"
EndProject
Global
	GlobalSection(SolutionConfigurationPlatforms) = preSolution
		Debug|Any CPU = Debug|Any CPU
		Release|Any CPU = Release|Any CPU
	EndGlobalSection
	GlobalSection(ProjectConfigurationPlatforms) = postSolution
		{3EAC0BD7-8F23-456A-B0CB-119FCA107347}.Debug|Any CPU.ActiveCfg = Debug|Any CPU
		{3EAC0BD7-8F23-456A-B0CB-119FCA107347}.Debug|Any CPU.Build.0 = Debug|Any CPU
		{3EAC0BD7-8F23-456A-B0CB-119FCA107347}.Release|Any CPU.ActiveCfg = Release|Any CPU
		{3EAC0BD7-8F23-456A-B0CB-119FCA107347}.Release|Any CPU.Build.0 = Release|Any CPU
		{A12F2F99-ED8A-4234-AA91-41F5B7A0125E}.Debug|Any CPU.ActiveCfg = Debug|Any CPU
		{A12F2F99-ED8A-4234-AA91-41F5B7A0125E}.Debug|Any CPU.Build.0 = Debug|Any CPU
		{A12F2F99-ED8A-4234-AA91-41F5B7A0125E}.Release|Any CPU.ActiveCfg = Release|Any CPU
		{A12F2F99-ED8A-4234-AA91-41F5B7A0125E}.Release|Any CPU.Build.0 = Release|Any CPU
	EndGlobalSection
	GlobalSection(SolutionProperties) = preSolution
		HideSolutionNode = FALSE
	EndGlobalSection
	GlobalSection(ExtensibilityGlobals) = postSolution
		SolutionGuid = {ED1EFB35-DC3E-4529-8E87-549CD986AD35}
	EndGlobalSection
EndGlobal
